
Microsoft Visual Studio Solution File, Format Version 12.00
# Visual Studio Version 16
VisualStudioVersion = 16.0.30804.86
MinimumVisualStudioVersion = 10.0.40219.1
Project("{FAE04EC0-301F-11D3-BF4B-00C04F79EFBC}") = "IlluminationSensor", "IlluminationSensor\IlluminationSensor.csproj", "{EB780B87-F724-4C0E-BADD-1F0FCFFDB912}"
EndProject
Project("{FAE04EC0-301F-11D3-BF4B-00C04F79EFBC}") = "RocketPresenceAutomationPort", "RocketPresenceAutomationPort\RocketPresenceAutomationPort.csproj", "{AC89C942-7A58-4DFC-BA19-8BD1B1245A79}"
EndProject
Project("{FAE04EC0-301F-11D3-BF4B-00C04F79EFBC}") = "RoomsExpanded", "RoomsExpanded\RoomsExpanded.csproj", "{D9693A4A-F6F2-405E-8373-3D76BF81C64D}"
EndProject
Project("{FAE04EC0-301F-11D3-BF4B-00C04F79EFBC}") = "InterplanarAutomation", "InterplanarAutomation\InterplanarAutomation.csproj", "{2C468998-706A-4CC7-A5AF-B7D4F702E54F}"
EndProject
Project("{FAE04EC0-301F-11D3-BF4B-00C04F79EFBC}") = "ConveyorRailDisplay", "ConveyorRailDisplay\ConveyorRailDisplay.csproj", "{CFD68264-20BB-496C-B4CB-44F81CCEE769}"
EndProject
Project("{FAE04EC0-301F-11D3-BF4B-00C04F79EFBC}") = "ResearchRequirements", "ResearchRequirements\ResearchRequirements.csproj", "{41FDD51B-2E3C-49D3-ACC1-B7AA1467EE4D}"
EndProject
Project("{FAE04EC0-301F-11D3-BF4B-00C04F79EFBC}") = "SymbioticGerms", "SymbioticGerms\SymbioticGerms.csproj", "{D35B1E06-8D7C-415C-B1CB-E51CA1D2D35E}"
EndProject
Project("{FAE04EC0-301F-11D3-BF4B-00C04F79EFBC}") = "DiseasesExpanded", "DiseasesExpanded\DiseasesExpanded.csproj", "{A2261940-DAE1-47BB-962D-DBF4C3F01376}"
EndProject
Project("{FAE04EC0-301F-11D3-BF4B-00C04F79EFBC}") = "FreeSkillpoints", "FreeSkillpoints\FreeSkillpoints.csproj", "{A10CB788-41B2-4C26-ADD2-627D6E1651CB}"
EndProject
Project("{FAE04EC0-301F-11D3-BF4B-00C04F79EFBC}") = "MultiplayerStorage", "MultiplayerStorage\MultiplayerStorage.csproj", "{B9B88F10-383F-4CED-9BF2-201EDAB2EDD7}"
EndProject
Project("{FAE04EC0-301F-11D3-BF4B-00C04F79EFBC}") = "CombinedConduitDisplay", "CombinedConduitDisplay\CombinedConduitDisplay.csproj", "{4871B5A6-CABC-4418-B861-D9052BF2586F}"
EndProject
Project("{FAE04EC0-301F-11D3-BF4B-00C04F79EFBC}") = "ConfigurableBuildMenus", "ConfigurableBuildMenus\ConfigurableBuildMenus.csproj", "{E4199AC3-96B9-460C-811E-CE5BDCE59C63}"
EndProject
Project("{FAE04EC0-301F-11D3-BF4B-00C04F79EFBC}") = "ExoticCuisine", "ExoticCuisine\ExoticCuisine.csproj", "{78D41BB6-38DF-428D-B0B4-7112266A1DE4}"
EndProject
Project("{FAE04EC0-301F-11D3-BF4B-00C04F79EFBC}") = "UltraGrubRubBoost", "UltraGrubRubBoost\UltraGrubRubBoost.csproj", "{37B80D59-B65E-4B1B-9291-FBCAED4A895D}"
EndProject
Project("{FAE04EC0-301F-11D3-BF4B-00C04F79EFBC}") = "RealCaloriesInfo", "RealCaloriesInfo\RealCaloriesInfo.csproj", "{9891CCEB-E131-40DE-9983-76F9F8DB6E67}"
EndProject
Project("{FAE04EC0-301F-11D3-BF4B-00C04F79EFBC}") = "RadiationRebalanced", "RadiationRebalanced\RadiationRebalanced.csproj", "{BDA3ED53-4B98-4612-BD3D-C90902E208C9}"
EndProject
Project("{FAE04EC0-301F-11D3-BF4B-00C04F79EFBC}") = "InterplanarInfrastructure", "InterplanarInfrastructure\InterplanarInfrastructure.csproj", "{DD613AFE-9F4F-4DFB-8F73-5F7DBCD6BFC2}"
EndProject
Project("{FAE04EC0-301F-11D3-BF4B-00C04F79EFBC}") = "SignsTagsAndRibbons", "SignsTagsAndRibbons\SignsTagsAndRibbons.csproj", "{8CB08DA0-DBBA-46F4-99A5-9EB23701C717}"
EndProject
Project("{FAE04EC0-301F-11D3-BF4B-00C04F79EFBC}") = "FragrantFlowers", "FragrantFlowers\FragrantFlowers.csproj", "{0195EB08-3083-49FF-8F4F-29C071E83555}"
EndProject
Project("{FAE04EC0-301F-11D3-BF4B-00C04F79EFBC}") = "CheckpointAutomation", "CheckpointAutomation\CheckpointAutomation.csproj", "{B28E246E-C47A-444A-9BEC-5668BA65DD56}"
EndProject
Project("{FAE04EC0-301F-11D3-BF4B-00C04F79EFBC}") = "TranslateTest", "TranslateTest\TranslateTest.csproj", "{16CF0616-672A-4D1F-886D-F6DEFF25D075}"
EndProject
Project("{FAE04EC0-301F-11D3-BF4B-00C04F79EFBC}") = "MoreLogicPorts", "MoreLogicPorts\MoreLogicPorts.csproj", "{97B148D4-C601-41BB-916E-BE8CB3CB6EE4}"
EndProject
Project("{FAE04EC0-301F-11D3-BF4B-00C04F79EFBC}") = "SidequestMod", "SidequestMod\SidequestMod.csproj", "{D558C664-6BB5-4716-8B4D-1C05D9DE476E}"
EndProject
Project("{FAE04EC0-301F-11D3-BF4B-00C04F79EFBC}") = "DietVariety", "DietVariety\DietVariety.csproj", "{BCF023EA-7557-479E-9F98-645BA75AE89A}"
EndProject
Project("{FAE04EC0-301F-11D3-BF4B-00C04F79EFBC}") = "ExampleFoodMod", "ExampleFoodMod\ExampleFoodMod.csproj", "{516A4D42-5693-474D-8189-C6A1F28CB4FC}"
EndProject
Project("{FAE04EC0-301F-11D3-BF4B-00C04F79EFBC}") = "UninstalledModCrashHandler", "UninstalledModCrashHandler\UninstalledModCrashHandler.csproj", "{DEA164D5-798A-4F41-81A5-8D1405A995A4}"
EndProject
Global
	GlobalSection(SolutionConfigurationPlatforms) = preSolution
		Debug|Any CPU = Debug|Any CPU
		Release|Any CPU = Release|Any CPU
	EndGlobalSection
	GlobalSection(ProjectConfigurationPlatforms) = postSolution
		{EB780B87-F724-4C0E-BADD-1F0FCFFDB912}.Debug|Any CPU.ActiveCfg = Debug|Any CPU
		{EB780B87-F724-4C0E-BADD-1F0FCFFDB912}.Debug|Any CPU.Build.0 = Debug|Any CPU
		{EB780B87-F724-4C0E-BADD-1F0FCFFDB912}.Release|Any CPU.ActiveCfg = Release|Any CPU
		{EB780B87-F724-4C0E-BADD-1F0FCFFDB912}.Release|Any CPU.Build.0 = Release|Any CPU
		{AC89C942-7A58-4DFC-BA19-8BD1B1245A79}.Debug|Any CPU.ActiveCfg = Debug|Any CPU
		{AC89C942-7A58-4DFC-BA19-8BD1B1245A79}.Debug|Any CPU.Build.0 = Debug|Any CPU
		{AC89C942-7A58-4DFC-BA19-8BD1B1245A79}.Release|Any CPU.ActiveCfg = Release|Any CPU
		{AC89C942-7A58-4DFC-BA19-8BD1B1245A79}.Release|Any CPU.Build.0 = Release|Any CPU
		{D9693A4A-F6F2-405E-8373-3D76BF81C64D}.Debug|Any CPU.ActiveCfg = Debug|Any CPU
		{D9693A4A-F6F2-405E-8373-3D76BF81C64D}.Debug|Any CPU.Build.0 = Debug|Any CPU
		{D9693A4A-F6F2-405E-8373-3D76BF81C64D}.Release|Any CPU.ActiveCfg = Release|Any CPU
		{D9693A4A-F6F2-405E-8373-3D76BF81C64D}.Release|Any CPU.Build.0 = Release|Any CPU
		{2C468998-706A-4CC7-A5AF-B7D4F702E54F}.Debug|Any CPU.ActiveCfg = Debug|Any CPU
		{2C468998-706A-4CC7-A5AF-B7D4F702E54F}.Debug|Any CPU.Build.0 = Debug|Any CPU
		{2C468998-706A-4CC7-A5AF-B7D4F702E54F}.Release|Any CPU.ActiveCfg = Release|Any CPU
		{2C468998-706A-4CC7-A5AF-B7D4F702E54F}.Release|Any CPU.Build.0 = Release|Any CPU
		{CFD68264-20BB-496C-B4CB-44F81CCEE769}.Debug|Any CPU.ActiveCfg = Debug|Any CPU
		{CFD68264-20BB-496C-B4CB-44F81CCEE769}.Debug|Any CPU.Build.0 = Debug|Any CPU
		{CFD68264-20BB-496C-B4CB-44F81CCEE769}.Release|Any CPU.ActiveCfg = Release|Any CPU
		{CFD68264-20BB-496C-B4CB-44F81CCEE769}.Release|Any CPU.Build.0 = Release|Any CPU
		{41FDD51B-2E3C-49D3-ACC1-B7AA1467EE4D}.Debug|Any CPU.ActiveCfg = Debug|Any CPU
		{41FDD51B-2E3C-49D3-ACC1-B7AA1467EE4D}.Debug|Any CPU.Build.0 = Debug|Any CPU
		{41FDD51B-2E3C-49D3-ACC1-B7AA1467EE4D}.Release|Any CPU.ActiveCfg = Release|Any CPU
		{41FDD51B-2E3C-49D3-ACC1-B7AA1467EE4D}.Release|Any CPU.Build.0 = Release|Any CPU
		{D35B1E06-8D7C-415C-B1CB-E51CA1D2D35E}.Debug|Any CPU.ActiveCfg = Debug|Any CPU
		{D35B1E06-8D7C-415C-B1CB-E51CA1D2D35E}.Debug|Any CPU.Build.0 = Debug|Any CPU
		{D35B1E06-8D7C-415C-B1CB-E51CA1D2D35E}.Release|Any CPU.ActiveCfg = Release|Any CPU
		{D35B1E06-8D7C-415C-B1CB-E51CA1D2D35E}.Release|Any CPU.Build.0 = Release|Any CPU
		{A2261940-DAE1-47BB-962D-DBF4C3F01376}.Debug|Any CPU.ActiveCfg = Debug|Any CPU
		{A2261940-DAE1-47BB-962D-DBF4C3F01376}.Debug|Any CPU.Build.0 = Debug|Any CPU
		{A2261940-DAE1-47BB-962D-DBF4C3F01376}.Release|Any CPU.ActiveCfg = Release|Any CPU
		{A2261940-DAE1-47BB-962D-DBF4C3F01376}.Release|Any CPU.Build.0 = Release|Any CPU
		{A10CB788-41B2-4C26-ADD2-627D6E1651CB}.Debug|Any CPU.ActiveCfg = Debug|Any CPU
		{A10CB788-41B2-4C26-ADD2-627D6E1651CB}.Debug|Any CPU.Build.0 = Debug|Any CPU
		{A10CB788-41B2-4C26-ADD2-627D6E1651CB}.Release|Any CPU.ActiveCfg = Release|Any CPU
		{A10CB788-41B2-4C26-ADD2-627D6E1651CB}.Release|Any CPU.Build.0 = Release|Any CPU
		{B9B88F10-383F-4CED-9BF2-201EDAB2EDD7}.Debug|Any CPU.ActiveCfg = Debug|Any CPU
		{B9B88F10-383F-4CED-9BF2-201EDAB2EDD7}.Debug|Any CPU.Build.0 = Debug|Any CPU
		{B9B88F10-383F-4CED-9BF2-201EDAB2EDD7}.Release|Any CPU.ActiveCfg = Release|Any CPU
		{B9B88F10-383F-4CED-9BF2-201EDAB2EDD7}.Release|Any CPU.Build.0 = Release|Any CPU
		{4871B5A6-CABC-4418-B861-D9052BF2586F}.Debug|Any CPU.ActiveCfg = Debug|Any CPU
		{4871B5A6-CABC-4418-B861-D9052BF2586F}.Debug|Any CPU.Build.0 = Debug|Any CPU
		{4871B5A6-CABC-4418-B861-D9052BF2586F}.Release|Any CPU.ActiveCfg = Release|Any CPU
		{4871B5A6-CABC-4418-B861-D9052BF2586F}.Release|Any CPU.Build.0 = Release|Any CPU
		{E4199AC3-96B9-460C-811E-CE5BDCE59C63}.Debug|Any CPU.ActiveCfg = Debug|Any CPU
		{E4199AC3-96B9-460C-811E-CE5BDCE59C63}.Debug|Any CPU.Build.0 = Debug|Any CPU
		{E4199AC3-96B9-460C-811E-CE5BDCE59C63}.Release|Any CPU.ActiveCfg = Release|Any CPU
		{E4199AC3-96B9-460C-811E-CE5BDCE59C63}.Release|Any CPU.Build.0 = Release|Any CPU
		{78D41BB6-38DF-428D-B0B4-7112266A1DE4}.Debug|Any CPU.ActiveCfg = Debug|Any CPU
		{78D41BB6-38DF-428D-B0B4-7112266A1DE4}.Debug|Any CPU.Build.0 = Debug|Any CPU
		{78D41BB6-38DF-428D-B0B4-7112266A1DE4}.Release|Any CPU.ActiveCfg = Release|Any CPU
		{78D41BB6-38DF-428D-B0B4-7112266A1DE4}.Release|Any CPU.Build.0 = Release|Any CPU
		{37B80D59-B65E-4B1B-9291-FBCAED4A895D}.Debug|Any CPU.ActiveCfg = Debug|Any CPU
		{37B80D59-B65E-4B1B-9291-FBCAED4A895D}.Debug|Any CPU.Build.0 = Debug|Any CPU
		{37B80D59-B65E-4B1B-9291-FBCAED4A895D}.Release|Any CPU.ActiveCfg = Release|Any CPU
		{37B80D59-B65E-4B1B-9291-FBCAED4A895D}.Release|Any CPU.Build.0 = Release|Any CPU
		{9891CCEB-E131-40DE-9983-76F9F8DB6E67}.Debug|Any CPU.ActiveCfg = Debug|Any CPU
		{9891CCEB-E131-40DE-9983-76F9F8DB6E67}.Debug|Any CPU.Build.0 = Debug|Any CPU
		{9891CCEB-E131-40DE-9983-76F9F8DB6E67}.Release|Any CPU.ActiveCfg = Release|Any CPU
		{9891CCEB-E131-40DE-9983-76F9F8DB6E67}.Release|Any CPU.Build.0 = Release|Any CPU
		{BDA3ED53-4B98-4612-BD3D-C90902E208C9}.Debug|Any CPU.ActiveCfg = Debug|Any CPU
		{BDA3ED53-4B98-4612-BD3D-C90902E208C9}.Debug|Any CPU.Build.0 = Debug|Any CPU
		{BDA3ED53-4B98-4612-BD3D-C90902E208C9}.Release|Any CPU.ActiveCfg = Release|Any CPU
		{BDA3ED53-4B98-4612-BD3D-C90902E208C9}.Release|Any CPU.Build.0 = Release|Any CPU
		{DD613AFE-9F4F-4DFB-8F73-5F7DBCD6BFC2}.Debug|Any CPU.ActiveCfg = Debug|Any CPU
		{DD613AFE-9F4F-4DFB-8F73-5F7DBCD6BFC2}.Debug|Any CPU.Build.0 = Debug|Any CPU
		{DD613AFE-9F4F-4DFB-8F73-5F7DBCD6BFC2}.Release|Any CPU.ActiveCfg = Release|Any CPU
		{DD613AFE-9F4F-4DFB-8F73-5F7DBCD6BFC2}.Release|Any CPU.Build.0 = Release|Any CPU
		{8CB08DA0-DBBA-46F4-99A5-9EB23701C717}.Debug|Any CPU.ActiveCfg = Debug|Any CPU
		{8CB08DA0-DBBA-46F4-99A5-9EB23701C717}.Debug|Any CPU.Build.0 = Debug|Any CPU
		{8CB08DA0-DBBA-46F4-99A5-9EB23701C717}.Release|Any CPU.ActiveCfg = Release|Any CPU
		{8CB08DA0-DBBA-46F4-99A5-9EB23701C717}.Release|Any CPU.Build.0 = Release|Any CPU
		{0195EB08-3083-49FF-8F4F-29C071E83555}.Debug|Any CPU.ActiveCfg = Debug|Any CPU
		{0195EB08-3083-49FF-8F4F-29C071E83555}.Debug|Any CPU.Build.0 = Debug|Any CPU
		{0195EB08-3083-49FF-8F4F-29C071E83555}.Release|Any CPU.ActiveCfg = Release|Any CPU
		{0195EB08-3083-49FF-8F4F-29C071E83555}.Release|Any CPU.Build.0 = Release|Any CPU
		{B28E246E-C47A-444A-9BEC-5668BA65DD56}.Debug|Any CPU.ActiveCfg = Debug|Any CPU
		{B28E246E-C47A-444A-9BEC-5668BA65DD56}.Debug|Any CPU.Build.0 = Debug|Any CPU
		{B28E246E-C47A-444A-9BEC-5668BA65DD56}.Release|Any CPU.ActiveCfg = Release|Any CPU
		{B28E246E-C47A-444A-9BEC-5668BA65DD56}.Release|Any CPU.Build.0 = Release|Any CPU
		{16CF0616-672A-4D1F-886D-F6DEFF25D075}.Debug|Any CPU.ActiveCfg = Debug|Any CPU
		{16CF0616-672A-4D1F-886D-F6DEFF25D075}.Debug|Any CPU.Build.0 = Debug|Any CPU
		{16CF0616-672A-4D1F-886D-F6DEFF25D075}.Release|Any CPU.ActiveCfg = Release|Any CPU
		{16CF0616-672A-4D1F-886D-F6DEFF25D075}.Release|Any CPU.Build.0 = Release|Any CPU
		{97B148D4-C601-41BB-916E-BE8CB3CB6EE4}.Debug|Any CPU.ActiveCfg = Debug|Any CPU
		{97B148D4-C601-41BB-916E-BE8CB3CB6EE4}.Debug|Any CPU.Build.0 = Debug|Any CPU
		{97B148D4-C601-41BB-916E-BE8CB3CB6EE4}.Release|Any CPU.ActiveCfg = Release|Any CPU
		{97B148D4-C601-41BB-916E-BE8CB3CB6EE4}.Release|Any CPU.Build.0 = Release|Any CPU
		{D558C664-6BB5-4716-8B4D-1C05D9DE476E}.Debug|Any CPU.ActiveCfg = Debug|Any CPU
		{D558C664-6BB5-4716-8B4D-1C05D9DE476E}.Debug|Any CPU.Build.0 = Debug|Any CPU
		{D558C664-6BB5-4716-8B4D-1C05D9DE476E}.Release|Any CPU.ActiveCfg = Release|Any CPU
		{D558C664-6BB5-4716-8B4D-1C05D9DE476E}.Release|Any CPU.Build.0 = Release|Any CPU
		{BCF023EA-7557-479E-9F98-645BA75AE89A}.Debug|Any CPU.ActiveCfg = Debug|Any CPU
		{BCF023EA-7557-479E-9F98-645BA75AE89A}.Debug|Any CPU.Build.0 = Debug|Any CPU
		{BCF023EA-7557-479E-9F98-645BA75AE89A}.Release|Any CPU.ActiveCfg = Release|Any CPU
		{BCF023EA-7557-479E-9F98-645BA75AE89A}.Release|Any CPU.Build.0 = Release|Any CPU
		{516A4D42-5693-474D-8189-C6A1F28CB4FC}.Debug|Any CPU.ActiveCfg = Debug|Any CPU
		{516A4D42-5693-474D-8189-C6A1F28CB4FC}.Debug|Any CPU.Build.0 = Debug|Any CPU
		{516A4D42-5693-474D-8189-C6A1F28CB4FC}.Release|Any CPU.ActiveCfg = Release|Any CPU
		{516A4D42-5693-474D-8189-C6A1F28CB4FC}.Release|Any CPU.Build.0 = Release|Any CPU
		{DEA164D5-798A-4F41-81A5-8D1405A995A4}.Debug|Any CPU.ActiveCfg = Debug|Any CPU
		{DEA164D5-798A-4F41-81A5-8D1405A995A4}.Debug|Any CPU.Build.0 = Debug|Any CPU
		{DEA164D5-798A-4F41-81A5-8D1405A995A4}.Release|Any CPU.ActiveCfg = Release|Any CPU
		{DEA164D5-798A-4F41-81A5-8D1405A995A4}.Release|Any CPU.Build.0 = Release|Any CPU
	EndGlobalSection
	GlobalSection(SolutionProperties) = preSolution
		HideSolutionNode = FALSE
	EndGlobalSection
	GlobalSection(ExtensibilityGlobals) = postSolution
		SolutionGuid = {1545FF05-50B3-496C-B883-36E53C7DEC2B}
	EndGlobalSection
EndGlobal
