
Microsoft Visual Studio Solution File, Format Version 12.00
# Visual Studio Version 16
VisualStudioVersion = 16.0.30804.86
MinimumVisualStudioVersion = 10.0.40219.1
Project("{FAE04EC0-301F-11D3-BF4B-00C04F79EFBC}") = "IlluminationSensor", "IlluminationSensor\IlluminationSensor.csproj", "{EB780B87-F724-4C0E-BADD-1F0FCFFDB912}"
EndProject
Project("{FAE04EC0-301F-11D3-BF4B-00C04F79EFBC}") = "RocketPresenceAutomationPort", "RocketPresenceAutomationPort\RocketPresenceAutomationPort.csproj", "{AC89C942-7A58-4DFC-BA19-8BD1B1245A79}"
EndProject
Project("{FAE04EC0-301F-11D3-BF4B-00C04F79EFBC}") = "RoomsExpanded", "RoomsExpanded\RoomsExpanded.csproj", "{D9693A4A-F6F2-405E-8373-3D76BF81C64D}"
EndProject
Project("{FAE04EC0-301F-11D3-BF4B-00C04F79EFBC}") = "InterplanarAutomation", "InterplanarAutomation\InterplanarAutomation.csproj", "{2C468998-706A-4CC7-A5AF-B7D4F702E54F}"
EndProject
Project("{FAE04EC0-301F-11D3-BF4B-00C04F79EFBC}") = "ConveyorRailDisplay", "ConveyorRailDisplay\ConveyorRailDisplay.csproj", "{CFD68264-20BB-496C-B4CB-44F81CCEE769}"
EndProject
Project("{FAE04EC0-301F-11D3-BF4B-00C04F79EFBC}") = "ResearchRequirements", "ResearchRequirements\ResearchRequirements.csproj", "{41FDD51B-2E3C-49D3-ACC1-B7AA1467EE4D}"
EndProject
Project("{FAE04EC0-301F-11D3-BF4B-00C04F79EFBC}") = "SymbioticGerms", "SymbioticGerms\SymbioticGerms.csproj", "{D35B1E06-8D7C-415C-B1CB-E51CA1D2D35E}"
EndProject
Project("{FAE04EC0-301F-11D3-BF4B-00C04F79EFBC}") = "DiseasesExpanded", "DiseasesExpanded\DiseasesExpanded.csproj", "{A2261940-DAE1-47BB-962D-DBF4C3F01376}"
EndProject
Project("{FAE04EC0-301F-11D3-BF4B-00C04F79EFBC}") = "FreeSkillpoints", "FreeSkillpoints\FreeSkillpoints.csproj", "{A10CB788-41B2-4C26-ADD2-627D6E1651CB}"
EndProject
Global
	GlobalSection(SolutionConfigurationPlatforms) = preSolution
		Debug|Any CPU = Debug|Any CPU
		Release|Any CPU = Release|Any CPU
	EndGlobalSection
	GlobalSection(ProjectConfigurationPlatforms) = postSolution
		{EB780B87-F724-4C0E-BADD-1F0FCFFDB912}.Debug|Any CPU.ActiveCfg = Debug|Any CPU
		{EB780B87-F724-4C0E-BADD-1F0FCFFDB912}.Debug|Any CPU.Build.0 = Debug|Any CPU
		{EB780B87-F724-4C0E-BADD-1F0FCFFDB912}.Release|Any CPU.ActiveCfg = Release|Any CPU
		{EB780B87-F724-4C0E-BADD-1F0FCFFDB912}.Release|Any CPU.Build.0 = Release|Any CPU
		{AC89C942-7A58-4DFC-BA19-8BD1B1245A79}.Debug|Any CPU.ActiveCfg = Debug|Any CPU
		{AC89C942-7A58-4DFC-BA19-8BD1B1245A79}.Debug|Any CPU.Build.0 = Debug|Any CPU
		{AC89C942-7A58-4DFC-BA19-8BD1B1245A79}.Release|Any CPU.ActiveCfg = Release|Any CPU
		{AC89C942-7A58-4DFC-BA19-8BD1B1245A79}.Release|Any CPU.Build.0 = Release|Any CPU
		{D9693A4A-F6F2-405E-8373-3D76BF81C64D}.Debug|Any CPU.ActiveCfg = Debug|Any CPU
		{D9693A4A-F6F2-405E-8373-3D76BF81C64D}.Debug|Any CPU.Build.0 = Debug|Any CPU
		{D9693A4A-F6F2-405E-8373-3D76BF81C64D}.Release|Any CPU.ActiveCfg = Release|Any CPU
		{D9693A4A-F6F2-405E-8373-3D76BF81C64D}.Release|Any CPU.Build.0 = Release|Any CPU
		{2C468998-706A-4CC7-A5AF-B7D4F702E54F}.Debug|Any CPU.ActiveCfg = Debug|Any CPU
		{2C468998-706A-4CC7-A5AF-B7D4F702E54F}.Debug|Any CPU.Build.0 = Debug|Any CPU
		{2C468998-706A-4CC7-A5AF-B7D4F702E54F}.Release|Any CPU.ActiveCfg = Release|Any CPU
		{2C468998-706A-4CC7-A5AF-B7D4F702E54F}.Release|Any CPU.Build.0 = Release|Any CPU
		{CFD68264-20BB-496C-B4CB-44F81CCEE769}.Debug|Any CPU.ActiveCfg = Debug|Any CPU
		{CFD68264-20BB-496C-B4CB-44F81CCEE769}.Debug|Any CPU.Build.0 = Debug|Any CPU
		{CFD68264-20BB-496C-B4CB-44F81CCEE769}.Release|Any CPU.ActiveCfg = Release|Any CPU
		{CFD68264-20BB-496C-B4CB-44F81CCEE769}.Release|Any CPU.Build.0 = Release|Any CPU
		{41FDD51B-2E3C-49D3-ACC1-B7AA1467EE4D}.Debug|Any CPU.ActiveCfg = Debug|Any CPU
		{41FDD51B-2E3C-49D3-ACC1-B7AA1467EE4D}.Debug|Any CPU.Build.0 = Debug|Any CPU
		{41FDD51B-2E3C-49D3-ACC1-B7AA1467EE4D}.Release|Any CPU.ActiveCfg = Release|Any CPU
		{41FDD51B-2E3C-49D3-ACC1-B7AA1467EE4D}.Release|Any CPU.Build.0 = Release|Any CPU
		{D35B1E06-8D7C-415C-B1CB-E51CA1D2D35E}.Debug|Any CPU.ActiveCfg = Debug|Any CPU
		{D35B1E06-8D7C-415C-B1CB-E51CA1D2D35E}.Debug|Any CPU.Build.0 = Debug|Any CPU
		{D35B1E06-8D7C-415C-B1CB-E51CA1D2D35E}.Release|Any CPU.ActiveCfg = Release|Any CPU
		{D35B1E06-8D7C-415C-B1CB-E51CA1D2D35E}.Release|Any CPU.Build.0 = Release|Any CPU
		{A2261940-DAE1-47BB-962D-DBF4C3F01376}.Debug|Any CPU.ActiveCfg = Debug|Any CPU
		{A2261940-DAE1-47BB-962D-DBF4C3F01376}.Debug|Any CPU.Build.0 = Debug|Any CPU
		{A2261940-DAE1-47BB-962D-DBF4C3F01376}.Release|Any CPU.ActiveCfg = Release|Any CPU
		{A2261940-DAE1-47BB-962D-DBF4C3F01376}.Release|Any CPU.Build.0 = Release|Any CPU
		{A10CB788-41B2-4C26-ADD2-627D6E1651CB}.Debug|Any CPU.ActiveCfg = Debug|Any CPU
		{A10CB788-41B2-4C26-ADD2-627D6E1651CB}.Debug|Any CPU.Build.0 = Debug|Any CPU
		{A10CB788-41B2-4C26-ADD2-627D6E1651CB}.Release|Any CPU.ActiveCfg = Release|Any CPU
		{A10CB788-41B2-4C26-ADD2-627D6E1651CB}.Release|Any CPU.Build.0 = Release|Any CPU
	EndGlobalSection
	GlobalSection(SolutionProperties) = preSolution
		HideSolutionNode = FALSE
	EndGlobalSection
	GlobalSection(ExtensibilityGlobals) = postSolution
		SolutionGuid = {1545FF05-50B3-496C-B883-36E53C7DEC2B}
	EndGlobalSection
EndGlobal
